{
  "version": "4",
  "specifiers": {
    "jsr:@david/path@0.2": "0.2.0",
    "jsr:@david/temp@~0.1.1": "0.1.1",
    "jsr:@std/assert@^1.0.11": "1.0.11",
    "jsr:@std/cli@^1.0.11": "1.0.11",
    "jsr:@std/encoding@^1.0.6": "1.0.6",
    "jsr:@std/fmt@^1.0.4": "1.0.4",
    "jsr:@std/fs@1": "1.0.10",
    "jsr:@std/fs@^1.0.10": "1.0.10",
    "jsr:@std/internal@^1.0.5": "1.0.5",
    "jsr:@std/path@1": "1.0.8",
    "jsr:@std/path@^1.0.8": "1.0.8",
    "jsr:@std/streams@^1.0.8": "1.0.8",
    "jsr:@std/tar@~0.1.4": "0.1.4"
  },
  "jsr": {
    "@david/path@0.2.0": {
      "integrity": "f2d7aa7f02ce5a55e27c09f9f1381794acb09d328f8d3c8a2e3ab3ffc294dccd",
      "dependencies": [
        "jsr:@std/fs@1",
        "jsr:@std/path@1"
      ]
    },
    "@david/temp@0.1.1": {
      "integrity": "3974e3aa76536bd831294b72f5b70bfb67af3f4119ae334360e321f6ded18840",
      "dependencies": [
        "jsr:@david/path"
      ]
    },
    "@std/assert@1.0.11": {
      "integrity": "2461ef3c368fe88bc60e186e7744a93112f16fd110022e113a0849e94d1c83c1",
      "dependencies": [
        "jsr:@std/internal"
      ]
    },
    "@std/cli@1.0.11": {
      "integrity": "ec219619fdcd31bcf0d8e53bee1e2706ec9a02f70255365a094f69755dadd340"
    },
    "@std/encoding@1.0.6": {
      "integrity": "ca87122c196e8831737d9547acf001766618e78cd8c33920776c7f5885546069"
    },
    "@std/fmt@1.0.4": {
      "integrity": "e14fe5bedee26f80877e6705a97a79c7eed599e81bb1669127ef9e8bc1e29a74"
    },
    "@std/fs@1.0.10": {
      "integrity": "bf041f9d7a0a460817f0421be8946d0e06011b3433e6c83a215628de5e3c7c2c",
      "dependencies": [
        "jsr:@std/path@^1.0.8"
      ]
    },
    "@std/internal@1.0.5": {
      "integrity": "54a546004f769c1ac9e025abd15a76b6671ddc9687e2313b67376125650dc7ba"
    },
    "@std/path@1.0.8": {
      "integrity": "548fa456bb6a04d3c1a1e7477986b6cffbce95102d0bb447c67c4ee70e0364be"
    },
    "@std/streams@1.0.8": {
      "integrity": "b41332d93d2cf6a82fe4ac2153b930adf1a859392931e2a19d9fabfb6f154fb3"
    },
    "@std/tar@0.1.4": {
      "integrity": "1bc1f1f9bfd557e849b31d6521348fdf5848886d87c851f1f0f992d002fe0ff5",
      "dependencies": [
        "jsr:@std/streams"
      ]
    }
  },
  "workspace": {
    "dependencies": [
      "jsr:@david/temp@~0.1.1",
      "jsr:@std/assert@^1.0.11",
      "jsr:@std/cli@^1.0.11",
      "jsr:@std/encoding@^1.0.6",
      "jsr:@std/fmt@^1.0.4",
      "jsr:@std/fs@^1.0.10",
      "jsr:@std/path@^1.0.8",
      "jsr:@std/streams@^1.0.8",
      "jsr:@std/tar@~0.1.4"
    ]
  }
}
