{
  "version": "3",
  "packages": {
    "specifiers": {
      "jsr:@std/archive@0.215": "jsr:@std/archive@0.215.0",
      "jsr:@std/assert@^0.215.0": "jsr:@std/assert@0.215.0",
      "jsr:@std/bytes@^0.215.0": "jsr:@std/bytes@0.215.0",
      "jsr:@std/cli@0.215": "jsr:@std/cli@0.215.0",
      "jsr:@std/encoding@0.215": "jsr:@std/encoding@0.215.0",
      "jsr:@std/fmt@0.215": "jsr:@std/fmt@0.215.0",
      "jsr:@std/fs@0.215": "jsr:@std/fs@0.215.0",
      "jsr:@std/io@0.215": "jsr:@std/io@0.215.0",
      "jsr:@std/io@^0.215.0": "jsr:@std/io@0.215.0",
      "jsr:@std/path@0.215": "jsr:@std/path@0.215.0",
      "jsr:@std/path@^0.215.0": "jsr:@std/path@0.215.0"
    },
    "jsr": {
      "@std/archive@0.215.0": {
        "integrity": "6fd00261b3fa5aacb312e024669bce834af0c9affda0654ee56ff16be57bf1c3",
        "dependencies": [
          "jsr:@std/io@^0.215.0"
        ]
      },
      "@std/assert@0.215.0": {
        "integrity": "4d80a5b5f1aef916131e3b5dcf8cfdad397affe87da7fa6398d8088e146d1e48"
      },
      "@std/bytes@0.215.0": {
        "integrity": "fcb88b7a4e6e0e3b4798436bc8171f8f8d4ddbaa195a09c945d1c38279d2a66b"
      },
      "@std/cli@0.215.0": {
        "integrity": "b8b344248e7905a98e6160a259133d3a7c85ce9b50d7cbcdc50ea8412ad6e4e3",
        "dependencies": [
          "jsr:@std/assert@^0.215.0"
        ]
      },
      "@std/encoding@0.215.0": {
        "integrity": "9b24c964b0f61ea849d1ea38de7dea2190d08c8ffed732d36595bfb1b5e4dbe5"
      },
      "@std/fmt@0.215.0": {
        "integrity": "c6477b26423be9f5504ddfba73afcb7ead995a6886048bb091c420697c3d96b0"
      },
      "@std/fs@0.215.0": {
        "integrity": "a419abdb2fb2076ab819e48fd6db91d6039b47d4364faf7c85266ef8b0fc00f3",
        "dependencies": [
          "jsr:@std/assert@^0.215.0",
          "jsr:@std/path@^0.215.0"
        ]
      },
      "@std/io@0.215.0": {
        "integrity": "fbd42006510b7c35657ad5ba11704db2b8fb2ce705b698b435ce801e78c00c33",
        "dependencies": [
          "jsr:@std/assert@^0.215.0",
          "jsr:@std/bytes@^0.215.0"
        ]
      },
      "@std/path@0.215.0": {
        "integrity": "b790874b1abfed43a6e559d436fe87786c1c26b4338c2afe9c76c81ae7b532bc",
        "dependencies": [
          "jsr:@std/assert@^0.215.0"
        ]
      }
    }
  },
  "remote": {
    "https://deno.land/x/denoflate@1.2.1/mod.ts": "f5628e44b80b3d80ed525afa2ba0f12408e3849db817d47a883b801f9ce69dd6",
    "https://deno.land/x/denoflate@1.2.1/pkg/denoflate.js": "b9f9ad9457d3f12f28b1fb35c555f57443427f74decb403113d67364e4f2caf4",
    "https://deno.land/x/denoflate@1.2.1/pkg/denoflate_bg.wasm.js": "d581956245407a2115a3d7e8d85a9641c032940a8e810acbd59ca86afd34d44d",
    "https://deno.land/x/dir@1.4.0/cache_dir/mod.ts": "8a82889db79c547fbbd3536c9c964047657b19fb59365c5fa59afc46082f9fe5",
    "https://deno.land/x/dir@1.5.1/data_local_dir/mod.ts": "91eb1c4bfadfbeda30171007bac6d85aadacd43224a5ed721bbe56bc64e9eb66"
  }
}
