{
  "version": "2",
  "remote": {
    "https://deno.land/std@0.142.0/_util/assert.ts": "e94f2eb37cebd7f199952e242c77654e43333c1ac4c5c700e929ea3aa5489f74",
    "https://deno.land/std@0.142.0/_util/os.ts": "3b4c6e27febd119d36a416d7a97bd3b0251b77c88942c8f16ee5953ea13e2e49",
    "https://deno.land/std@0.142.0/archive/tar.ts": "ea420312bb9105d5c960133563d0eacf0f2f86e097e847cd84c2172c687a1125",
    "https://deno.land/std@0.142.0/bytes/bytes_list.ts": "aba5e2369e77d426b10af1de0dcc4531acecec27f9b9056f4f7bfbf8ac147ab4",
    "https://deno.land/std@0.142.0/bytes/equals.ts": "fc16dff2090cced02497f16483de123dfa91e591029f985029193dfaa9d894c9",
    "https://deno.land/std@0.142.0/bytes/mod.ts": "763f97d33051cc3f28af1a688dfe2830841192a9fea0cbaa55f927b49d49d0bf",
    "https://deno.land/std@0.142.0/encoding/base64.ts": "c8c16b4adaa60d7a8eee047c73ece26844435e8f7f1328d74593dbb2dd58ea4f",
    "https://deno.land/std@0.142.0/flags/mod.ts": "1b0a969d543fe3dd78b6167e1979c19547e94e9863c7b2e4838a0c31c1770d10",
    "https://deno.land/std@0.142.0/fmt/colors.ts": "30455035d6d728394781c10755351742dd731e3db6771b1843f9b9e490104d37",
    "https://deno.land/std@0.142.0/fs/expand_glob.ts": "0c10130d67c9b02164b03df8e43c6d6defbf8e395cb69d09e84a8586e6d72ac3",
    "https://deno.land/std@0.142.0/fs/walk.ts": "117403ccd21fd322febe56ba06053b1ad5064c802170f19b1ea43214088fe95f",
    "https://deno.land/std@0.142.0/hash/sha1.ts": "679d476b80466c73a1ad6c9ade4a44c188b91bc6bf3f97644209c280c9ec076b",
    "https://deno.land/std@0.142.0/io/buffer.ts": "bd0c4bf53db4b4be916ca5963e454bddfd3fcd45039041ea161dbf826817822b",
    "https://deno.land/std@0.142.0/io/readers.ts": "45847ad404afd2f605eae1cff193f223462bc55eeb9ae313c2f3db28aada0fd6",
    "https://deno.land/std@0.142.0/io/types.d.ts": "01f60ae7ec02675b5dbed150d258fc184a78dfe5c209ef53ba4422b46b58822c",
    "https://deno.land/std@0.142.0/path/_constants.ts": "df1db3ffa6dd6d1252cc9617e5d72165cd2483df90e93833e13580687b6083c3",
    "https://deno.land/std@0.142.0/path/_interface.ts": "ee3b431a336b80cf445441109d089b70d87d5e248f4f90ff906820889ecf8d09",
    "https://deno.land/std@0.142.0/path/_util.ts": "c1e9686d0164e29f7d880b2158971d805b6e0efc3110d0b3e24e4b8af2190d2b",
    "https://deno.land/std@0.142.0/path/common.ts": "bee563630abd2d97f99d83c96c2fa0cca7cee103e8cb4e7699ec4d5db7bd2633",
    "https://deno.land/std@0.142.0/path/glob.ts": "cb5255638de1048973c3e69e420c77dc04f75755524cb3b2e160fe9277d939ee",
    "https://deno.land/std@0.142.0/path/mod.ts": "d3e68d0abb393fb0bf94a6d07c46ec31dc755b544b13144dee931d8d5f06a52d",
    "https://deno.land/std@0.142.0/path/posix.ts": "293cdaec3ecccec0a9cc2b534302dfe308adb6f10861fa183275d6695faace44",
    "https://deno.land/std@0.142.0/path/separator.ts": "fe1816cb765a8068afb3e8f13ad272351c85cbc739af56dacfc7d93d710fe0f9",
    "https://deno.land/std@0.142.0/path/win32.ts": "31811536855e19ba37a999cd8d1b62078235548d67902ece4aa6b814596dd757",
    "https://deno.land/std@0.142.0/streams/conversion.ts": "8268f3f1a43324953dd8e9e4e31adb42e3caddb4502433bde03c279e43d70a3b",
    "https://deno.land/std@0.142.0/testing/_diff.ts": "029a00560b0d534bc0046f1bce4bd36b3b41ada3f2a3178c85686eb2ff5f1413",
    "https://deno.land/std@0.142.0/testing/_format.ts": "0d8dc79eab15b67cdc532826213bbe05bccfd276ca473a50a3fc7bbfb7260642",
    "https://deno.land/std@0.142.0/testing/asserts.ts": "319df43e1e6bba2520508f6090a21a9a640cbe2754d255aee17cd1dfa78c2ff6",
    "https://deno.land/std@0.144.0/_deno_unstable.ts": "be3276fd42cffb49f51b705c4b0aa8656aaf2a34be22d769455c8e50ea38e51a",
    "https://deno.land/std@0.144.0/_util/assert.ts": "e94f2eb37cebd7f199952e242c77654e43333c1ac4c5c700e929ea3aa5489f74",
    "https://deno.land/std@0.144.0/_util/os.ts": "3b4c6e27febd119d36a416d7a97bd3b0251b77c88942c8f16ee5953ea13e2e49",
    "https://deno.land/std@0.144.0/bytes/bytes_list.ts": "aba5e2369e77d426b10af1de0dcc4531acecec27f9b9056f4f7bfbf8ac147ab4",
    "https://deno.land/std@0.144.0/bytes/equals.ts": "3c3558c3ae85526f84510aa2b48ab2ad7bdd899e2e0f5b7a8ffc85acb3a6043a",
    "https://deno.land/std@0.144.0/bytes/mod.ts": "763f97d33051cc3f28af1a688dfe2830841192a9fea0cbaa55f927b49d49d0bf",
    "https://deno.land/std@0.144.0/fmt/colors.ts": "6f9340b7fb8cc25a993a99e5efc56fe81bb5af284ff412129dd06df06f53c0b4",
    "https://deno.land/std@0.144.0/fs/_util.ts": "0fb24eb4bfebc2c194fb1afdb42b9c3dda12e368f43e8f2321f84fc77d42cb0f",
    "https://deno.land/std@0.144.0/fs/copy.ts": "9248d1492599957af8c693ceb10a432b09f0b0b61c60a4d6aff29b0c7d3a17b3",
    "https://deno.land/std@0.144.0/fs/empty_dir.ts": "7274d87160de34cbed0531e284df383045cf43543bbeadeb97feac598bd8f3c5",
    "https://deno.land/std@0.144.0/fs/ensure_dir.ts": "9dc109c27df4098b9fc12d949612ae5c9c7169507660dcf9ad90631833209d9d",
    "https://deno.land/std@0.144.0/fs/ensure_file.ts": "7d353e64fee3d4d1e7c6b6726a2a5e987ba402c15fb49566309042887349c545",
    "https://deno.land/std@0.144.0/fs/ensure_link.ts": "489e23df9fe3e6636048b5830ddf0f111eb29621eb85719255ad9bd645f3471b",
    "https://deno.land/std@0.144.0/fs/ensure_symlink.ts": "88dc83de1bc90ed883dd458c2d2eae3d5834a4617d12925734836e1f0803b274",
    "https://deno.land/std@0.144.0/fs/eol.ts": "b92f0b88036de507e7e6fbedbe8f666835ea9dcbf5ac85917fa1fadc919f83a5",
    "https://deno.land/std@0.144.0/fs/exists.ts": "cb734d872f8554ea40b8bff77ad33d4143c1187eac621a55bf37781a43c56f6d",
    "https://deno.land/std@0.144.0/fs/expand_glob.ts": "0c10130d67c9b02164b03df8e43c6d6defbf8e395cb69d09e84a8586e6d72ac3",
    "https://deno.land/std@0.144.0/fs/mod.ts": "4dc052c461c171abb5c25f6e0f218ab838a716230930b534ba351745864b7d6d",
    "https://deno.land/std@0.144.0/fs/move.ts": "0573cedcf583f09a9494f2dfccbf67de68a93629942d6b5e6e74a9e45d4e8a2e",
    "https://deno.land/std@0.144.0/fs/walk.ts": "117403ccd21fd322febe56ba06053b1ad5064c802170f19b1ea43214088fe95f",
    "https://deno.land/std@0.144.0/io/buffer.ts": "bd0c4bf53db4b4be916ca5963e454bddfd3fcd45039041ea161dbf826817822b",
    "https://deno.land/std@0.144.0/io/files.ts": "d199ef64e918a256320ba8d8d44ae91de87c9077df8f8d6cca013f1b9fbbe285",
    "https://deno.land/std@0.144.0/io/mod.ts": "83426d8049476fa080a120115a791152b34afbaf35848271481bb70215aa489f",
    "https://deno.land/std@0.144.0/io/readers.ts": "45847ad404afd2f605eae1cff193f223462bc55eeb9ae313c2f3db28aada0fd6",
    "https://deno.land/std@0.144.0/io/streams.ts": "988a19155b52161f0035ce539e2f1d12edbc4c389fa7633da832a64e6edbe1a0",
    "https://deno.land/std@0.144.0/io/types.d.ts": "0cae3a62da7a37043661746c65c021058bae020b54e50c0e774916e5d4baee43",
    "https://deno.land/std@0.144.0/io/util.ts": "078da53bba767bec0d45f7da44411f6dbf269e51ef7fcfea5e3714e04681c674",
    "https://deno.land/std@0.144.0/io/writers.ts": "3898e3babc1cf4f2bafd9f0fcf1324c25c7ec3675ae43e85b8cba9db28c1e468",
    "https://deno.land/std@0.144.0/path/_constants.ts": "df1db3ffa6dd6d1252cc9617e5d72165cd2483df90e93833e13580687b6083c3",
    "https://deno.land/std@0.144.0/path/_interface.ts": "ee3b431a336b80cf445441109d089b70d87d5e248f4f90ff906820889ecf8d09",
    "https://deno.land/std@0.144.0/path/_util.ts": "c1e9686d0164e29f7d880b2158971d805b6e0efc3110d0b3e24e4b8af2190d2b",
    "https://deno.land/std@0.144.0/path/common.ts": "bee563630abd2d97f99d83c96c2fa0cca7cee103e8cb4e7699ec4d5db7bd2633",
    "https://deno.land/std@0.144.0/path/glob.ts": "cb5255638de1048973c3e69e420c77dc04f75755524cb3b2e160fe9277d939ee",
    "https://deno.land/std@0.144.0/path/mod.ts": "4945b430b759b0b3d98f2a278542cbcf95e0ad2bd8eaaed3c67322b306b2b346",
    "https://deno.land/std@0.144.0/path/posix.ts": "293cdaec3ecccec0a9cc2b534302dfe308adb6f10861fa183275d6695faace44",
    "https://deno.land/std@0.144.0/path/separator.ts": "fe1816cb765a8068afb3e8f13ad272351c85cbc739af56dacfc7d93d710fe0f9",
    "https://deno.land/std@0.144.0/path/win32.ts": "31811536855e19ba37a999cd8d1b62078235548d67902ece4aa6b814596dd757",
    "https://deno.land/std@0.144.0/streams/conversion.ts": "fc3db02026183da795fa32ac7549868e9f19c75ba029d4b4c3739af62b48517a",
    "https://deno.land/std@0.144.0/testing/_diff.ts": "029a00560b0d534bc0046f1bce4bd36b3b41ada3f2a3178c85686eb2ff5f1413",
    "https://deno.land/std@0.144.0/testing/_format.ts": "0d8dc79eab15b67cdc532826213bbe05bccfd276ca473a50a3fc7bbfb7260642",
    "https://deno.land/std@0.144.0/testing/asserts.ts": "319df43e1e6bba2520508f6090a21a9a640cbe2754d255aee17cd1dfa78c2ff6",
    "https://deno.land/x/denoflate@1.2.1/mod.ts": "f5628e44b80b3d80ed525afa2ba0f12408e3849db817d47a883b801f9ce69dd6",
    "https://deno.land/x/denoflate@1.2.1/pkg/denoflate.js": "b9f9ad9457d3f12f28b1fb35c555f57443427f74decb403113d67364e4f2caf4",
    "https://deno.land/x/denoflate@1.2.1/pkg/denoflate_bg.wasm.js": "d581956245407a2115a3d7e8d85a9641c032940a8e810acbd59ca86afd34d44d",
    "https://deno.land/x/dir@1.4.0/cache_dir/mod.ts": "8a82889db79c547fbbd3536c9c964047657b19fb59365c5fa59afc46082f9fe5"
  }
}
